
Microsoft Visual Studio Solution File, Format Version 12.00
# Visual Studio 14
VisualStudioVersion = 14.0.25420.1
MinimumVisualStudioVersion = 10.0.40219.1
Project("{FAE04EC0-301F-11D3-BF4B-00C04F79EFBC}") = "xjplc", "..\xjplc\xjplc\xjplc.csproj", "{B6157322-BE1B-4A85-83D0-88ADC63E9134}"
EndProject
Project("{FAE04EC0-301F-11D3-BF4B-00C04F79EFBC}") = "evokNewXJ0067", "..\evokXJ0067\evokNewXj\evokNewXJ0067.csproj", "{785F3585-0D54-4A97-BA04-D815B51FACAC}"
EndProject
Project("{FAE04EC0-301F-11D3-BF4B-00C04F79EFBC}") = "evokNewXJ0066", "evokNewXj\evokNewXJ0066.csproj", "{B95FA900-B3B3-4714-8D6C-180FFC74723F}"
EndProject
Project("{FAE04EC0-301F-11D3-BF4B-00C04F79EFBC}") = "evokNewDT", "..\evokDelta\evokNewXj\evokNewDT.csproj", "{13AAF168-7867-4C5A-A746-AFB5C197AFD4}"
EndProject
Project("{FAE04EC0-301F-11D3-BF4B-00C04F79EFBC}") = "zlzk", "..\zlzk\zlzk\zlzk.csproj", "{C91F4F02-492A-43F1-A940-7BC37D76D035}"
EndProject
Project("{FAE04EC0-301F-11D3-BF4B-00C04F79EFBC}") = "evokNewXJ0068", "..\evokXJ0068\evokNewXj\evokNewXJ0068.csproj", "{DD317B9B-C8F0-422A-B2D8-2D02B6CA23D6}"
EndProject
Project("{FAE04EC0-301F-11D3-BF4B-00C04F79EFBC}") = "zlzkClient", "..\zlzkClient\zlzkClient\zlzkClient.csproj", "{B41F7247-3244-4EA2-AF55-3436B90AFBBC}"
EndProject
Project("{FAE04EC0-301F-11D3-BF4B-00C04F79EFBC}") = "evokNewXJ0069", "..\evokXJ0069\evokNewXj\evokNewXJ0069.csproj", "{0EEC7B42-6FA9-4AD4-B926-E8486EAD45DD}"
EndProject
Project("{FAE04EC0-301F-11D3-BF4B-00C04F79EFBC}") = "evokNewXJ0070", "..\evokXJ0070\evokNewXj\evokNewXJ0070.csproj", "{1753CDAA-B94D-4DFF-A7C4-50D5D2B33DCB}"
EndProject
Project("{FAE04EC0-301F-11D3-BF4B-00C04F79EFBC}") = "fileconvert", "..\evokFileConvert\fileconvert\fileconvert.csproj", "{3C366160-6D02-406B-9834-03D0294965E9}"
EndProject
Project("{FAE04EC0-301F-11D3-BF4B-00C04F79EFBC}") = "evokNewXJ0071", "..\evokXJ0071\evokNewXj\evokNewXJ0071.csproj", "{7A05422F-F23B-40C9-99AE-DF3D20C4BDF6}"
EndProject
Project("{FAE04EC0-301F-11D3-BF4B-00C04F79EFBC}") = "evokNewDT0050", "..\evokDT0050\evokNewXj\evokNewDT0050.csproj", "{788D7B19-802B-4AA3-A135-8A8066FB5C32}"
EndProject
Project("{FAE04EC0-301F-11D3-BF4B-00C04F79EFBC}") = "evokNewXJ0072", "..\evokXJ0072\evokNewXj\evokNewXJ0072.csproj", "{59F236D3-8F65-4CC4-B5FE-36A7FB953223}"
EndProject
Global
	GlobalSection(SolutionConfigurationPlatforms) = preSolution
		Debug|Any CPU = Debug|Any CPU
		Debug|x86 = Debug|x86
		Release|Any CPU = Release|Any CPU
		Release|x86 = Release|x86
	EndGlobalSection
	GlobalSection(ProjectConfigurationPlatforms) = postSolution
		{B6157322-BE1B-4A85-83D0-88ADC63E9134}.Debug|Any CPU.ActiveCfg = Debug|Any CPU
		{B6157322-BE1B-4A85-83D0-88ADC63E9134}.Debug|Any CPU.Build.0 = Debug|Any CPU
		{B6157322-BE1B-4A85-83D0-88ADC63E9134}.Debug|x86.ActiveCfg = Debug|x86
		{B6157322-BE1B-4A85-83D0-88ADC63E9134}.Debug|x86.Build.0 = Debug|x86
		{B6157322-BE1B-4A85-83D0-88ADC63E9134}.Release|Any CPU.ActiveCfg = Release|Any CPU
		{B6157322-BE1B-4A85-83D0-88ADC63E9134}.Release|Any CPU.Build.0 = Release|Any CPU
		{B6157322-BE1B-4A85-83D0-88ADC63E9134}.Release|x86.ActiveCfg = Release|x86
		{B6157322-BE1B-4A85-83D0-88ADC63E9134}.Release|x86.Build.0 = Release|x86
		{785F3585-0D54-4A97-BA04-D815B51FACAC}.Debug|Any CPU.ActiveCfg = Debug|Any CPU
		{785F3585-0D54-4A97-BA04-D815B51FACAC}.Debug|Any CPU.Build.0 = Debug|Any CPU
		{785F3585-0D54-4A97-BA04-D815B51FACAC}.Debug|x86.ActiveCfg = Debug|x86
		{785F3585-0D54-4A97-BA04-D815B51FACAC}.Debug|x86.Build.0 = Debug|x86
		{785F3585-0D54-4A97-BA04-D815B51FACAC}.Release|Any CPU.ActiveCfg = Release|Any CPU
		{785F3585-0D54-4A97-BA04-D815B51FACAC}.Release|Any CPU.Build.0 = Release|Any CPU
		{785F3585-0D54-4A97-BA04-D815B51FACAC}.Release|x86.ActiveCfg = Release|x86
		{785F3585-0D54-4A97-BA04-D815B51FACAC}.Release|x86.Build.0 = Release|x86
		{B95FA900-B3B3-4714-8D6C-180FFC74723F}.Debug|Any CPU.ActiveCfg = Debug|Any CPU
		{B95FA900-B3B3-4714-8D6C-180FFC74723F}.Debug|Any CPU.Build.0 = Debug|Any CPU
		{B95FA900-B3B3-4714-8D6C-180FFC74723F}.Debug|x86.ActiveCfg = Debug|x86
		{B95FA900-B3B3-4714-8D6C-180FFC74723F}.Debug|x86.Build.0 = Debug|x86
		{B95FA900-B3B3-4714-8D6C-180FFC74723F}.Release|Any CPU.ActiveCfg = Release|Any CPU
		{B95FA900-B3B3-4714-8D6C-180FFC74723F}.Release|Any CPU.Build.0 = Release|Any CPU
		{B95FA900-B3B3-4714-8D6C-180FFC74723F}.Release|x86.ActiveCfg = Release|x86
		{B95FA900-B3B3-4714-8D6C-180FFC74723F}.Release|x86.Build.0 = Release|x86
		{13AAF168-7867-4C5A-A746-AFB5C197AFD4}.Debug|Any CPU.ActiveCfg = Debug|Any CPU
		{13AAF168-7867-4C5A-A746-AFB5C197AFD4}.Debug|Any CPU.Build.0 = Debug|Any CPU
		{13AAF168-7867-4C5A-A746-AFB5C197AFD4}.Debug|x86.ActiveCfg = Debug|x86
		{13AAF168-7867-4C5A-A746-AFB5C197AFD4}.Debug|x86.Build.0 = Debug|x86
		{13AAF168-7867-4C5A-A746-AFB5C197AFD4}.Release|Any CPU.ActiveCfg = Release|Any CPU
		{13AAF168-7867-4C5A-A746-AFB5C197AFD4}.Release|Any CPU.Build.0 = Release|Any CPU
		{13AAF168-7867-4C5A-A746-AFB5C197AFD4}.Release|x86.ActiveCfg = Release|x86
		{13AAF168-7867-4C5A-A746-AFB5C197AFD4}.Release|x86.Build.0 = Release|x86
		{C91F4F02-492A-43F1-A940-7BC37D76D035}.Debug|Any CPU.ActiveCfg = Debug|Any CPU
		{C91F4F02-492A-43F1-A940-7BC37D76D035}.Debug|Any CPU.Build.0 = Debug|Any CPU
		{C91F4F02-492A-43F1-A940-7BC37D76D035}.Debug|x86.ActiveCfg = Debug|x86
		{C91F4F02-492A-43F1-A940-7BC37D76D035}.Debug|x86.Build.0 = Debug|x86
		{C91F4F02-492A-43F1-A940-7BC37D76D035}.Release|Any CPU.ActiveCfg = Release|Any CPU
		{C91F4F02-492A-43F1-A940-7BC37D76D035}.Release|Any CPU.Build.0 = Release|Any CPU
		{C91F4F02-492A-43F1-A940-7BC37D76D035}.Release|x86.ActiveCfg = Release|x86
		{C91F4F02-492A-43F1-A940-7BC37D76D035}.Release|x86.Build.0 = Release|x86
		{DD317B9B-C8F0-422A-B2D8-2D02B6CA23D6}.Debug|Any CPU.ActiveCfg = Debug|Any CPU
		{DD317B9B-C8F0-422A-B2D8-2D02B6CA23D6}.Debug|Any CPU.Build.0 = Debug|Any CPU
		{DD317B9B-C8F0-422A-B2D8-2D02B6CA23D6}.Debug|x86.ActiveCfg = Debug|x86
		{DD317B9B-C8F0-422A-B2D8-2D02B6CA23D6}.Debug|x86.Build.0 = Debug|x86
		{DD317B9B-C8F0-422A-B2D8-2D02B6CA23D6}.Release|Any CPU.ActiveCfg = Release|Any CPU
		{DD317B9B-C8F0-422A-B2D8-2D02B6CA23D6}.Release|Any CPU.Build.0 = Release|Any CPU
		{DD317B9B-C8F0-422A-B2D8-2D02B6CA23D6}.Release|x86.ActiveCfg = Release|x86
		{DD317B9B-C8F0-422A-B2D8-2D02B6CA23D6}.Release|x86.Build.0 = Release|x86
		{B41F7247-3244-4EA2-AF55-3436B90AFBBC}.Debug|Any CPU.ActiveCfg = Debug|Any CPU
		{B41F7247-3244-4EA2-AF55-3436B90AFBBC}.Debug|Any CPU.Build.0 = Debug|Any CPU
		{B41F7247-3244-4EA2-AF55-3436B90AFBBC}.Debug|x86.ActiveCfg = Debug|Any CPU
		{B41F7247-3244-4EA2-AF55-3436B90AFBBC}.Debug|x86.Build.0 = Debug|Any CPU
		{B41F7247-3244-4EA2-AF55-3436B90AFBBC}.Release|Any CPU.ActiveCfg = Release|Any CPU
		{B41F7247-3244-4EA2-AF55-3436B90AFBBC}.Release|Any CPU.Build.0 = Release|Any CPU
		{B41F7247-3244-4EA2-AF55-3436B90AFBBC}.Release|x86.ActiveCfg = Release|Any CPU
		{B41F7247-3244-4EA2-AF55-3436B90AFBBC}.Release|x86.Build.0 = Release|Any CPU
		{0EEC7B42-6FA9-4AD4-B926-E8486EAD45DD}.Debug|Any CPU.ActiveCfg = Debug|Any CPU
		{0EEC7B42-6FA9-4AD4-B926-E8486EAD45DD}.Debug|Any CPU.Build.0 = Debug|Any CPU
		{0EEC7B42-6FA9-4AD4-B926-E8486EAD45DD}.Debug|x86.ActiveCfg = Debug|x86
		{0EEC7B42-6FA9-4AD4-B926-E8486EAD45DD}.Debug|x86.Build.0 = Debug|x86
		{0EEC7B42-6FA9-4AD4-B926-E8486EAD45DD}.Release|Any CPU.ActiveCfg = Release|Any CPU
		{0EEC7B42-6FA9-4AD4-B926-E8486EAD45DD}.Release|Any CPU.Build.0 = Release|Any CPU
		{0EEC7B42-6FA9-4AD4-B926-E8486EAD45DD}.Release|x86.ActiveCfg = Release|x86
		{0EEC7B42-6FA9-4AD4-B926-E8486EAD45DD}.Release|x86.Build.0 = Release|x86
		{1753CDAA-B94D-4DFF-A7C4-50D5D2B33DCB}.Debug|Any CPU.ActiveCfg = Debug|Any CPU
		{1753CDAA-B94D-4DFF-A7C4-50D5D2B33DCB}.Debug|Any CPU.Build.0 = Debug|Any CPU
		{1753CDAA-B94D-4DFF-A7C4-50D5D2B33DCB}.Debug|x86.ActiveCfg = Debug|x86
		{1753CDAA-B94D-4DFF-A7C4-50D5D2B33DCB}.Debug|x86.Build.0 = Debug|x86
		{1753CDAA-B94D-4DFF-A7C4-50D5D2B33DCB}.Release|Any CPU.ActiveCfg = Release|Any CPU
		{1753CDAA-B94D-4DFF-A7C4-50D5D2B33DCB}.Release|Any CPU.Build.0 = Release|Any CPU
		{1753CDAA-B94D-4DFF-A7C4-50D5D2B33DCB}.Release|x86.ActiveCfg = Release|x86
		{1753CDAA-B94D-4DFF-A7C4-50D5D2B33DCB}.Release|x86.Build.0 = Release|x86
		{3C366160-6D02-406B-9834-03D0294965E9}.Debug|Any CPU.ActiveCfg = Debug|Any CPU
		{3C366160-6D02-406B-9834-03D0294965E9}.Debug|Any CPU.Build.0 = Debug|Any CPU
		{3C366160-6D02-406B-9834-03D0294965E9}.Debug|x86.ActiveCfg = Debug|Any CPU
		{3C366160-6D02-406B-9834-03D0294965E9}.Debug|x86.Build.0 = Debug|Any CPU
		{3C366160-6D02-406B-9834-03D0294965E9}.Release|Any CPU.ActiveCfg = Release|Any CPU
		{3C366160-6D02-406B-9834-03D0294965E9}.Release|Any CPU.Build.0 = Release|Any CPU
		{3C366160-6D02-406B-9834-03D0294965E9}.Release|x86.ActiveCfg = Release|Any CPU
		{3C366160-6D02-406B-9834-03D0294965E9}.Release|x86.Build.0 = Release|Any CPU
		{7A05422F-F23B-40C9-99AE-DF3D20C4BDF6}.Debug|Any CPU.ActiveCfg = Debug|Any CPU
		{7A05422F-F23B-40C9-99AE-DF3D20C4BDF6}.Debug|Any CPU.Build.0 = Debug|Any CPU
		{7A05422F-F23B-40C9-99AE-DF3D20C4BDF6}.Debug|x86.ActiveCfg = Debug|x86
		{7A05422F-F23B-40C9-99AE-DF3D20C4BDF6}.Debug|x86.Build.0 = Debug|x86
		{7A05422F-F23B-40C9-99AE-DF3D20C4BDF6}.Release|Any CPU.ActiveCfg = Release|Any CPU
		{7A05422F-F23B-40C9-99AE-DF3D20C4BDF6}.Release|Any CPU.Build.0 = Release|Any CPU
		{7A05422F-F23B-40C9-99AE-DF3D20C4BDF6}.Release|x86.ActiveCfg = Release|x86
		{7A05422F-F23B-40C9-99AE-DF3D20C4BDF6}.Release|x86.Build.0 = Release|x86
		{788D7B19-802B-4AA3-A135-8A8066FB5C32}.Debug|Any CPU.ActiveCfg = Debug|Any CPU
		{788D7B19-802B-4AA3-A135-8A8066FB5C32}.Debug|Any CPU.Build.0 = Debug|Any CPU
		{788D7B19-802B-4AA3-A135-8A8066FB5C32}.Debug|x86.ActiveCfg = Debug|x86
		{788D7B19-802B-4AA3-A135-8A8066FB5C32}.Debug|x86.Build.0 = Debug|x86
		{788D7B19-802B-4AA3-A135-8A8066FB5C32}.Release|Any CPU.ActiveCfg = Release|Any CPU
		{788D7B19-802B-4AA3-A135-8A8066FB5C32}.Release|Any CPU.Build.0 = Release|Any CPU
		{788D7B19-802B-4AA3-A135-8A8066FB5C32}.Release|x86.ActiveCfg = Release|x86
		{788D7B19-802B-4AA3-A135-8A8066FB5C32}.Release|x86.Build.0 = Release|x86
		{59F236D3-8F65-4CC4-B5FE-36A7FB953223}.Debug|Any CPU.ActiveCfg = Debug|Any CPU
		{59F236D3-8F65-4CC4-B5FE-36A7FB953223}.Debug|Any CPU.Build.0 = Debug|Any CPU
		{59F236D3-8F65-4CC4-B5FE-36A7FB953223}.Debug|x86.ActiveCfg = Debug|x86
		{59F236D3-8F65-4CC4-B5FE-36A7FB953223}.Debug|x86.Build.0 = Debug|x86
		{59F236D3-8F65-4CC4-B5FE-36A7FB953223}.Release|Any CPU.ActiveCfg = Release|Any CPU
		{59F236D3-8F65-4CC4-B5FE-36A7FB953223}.Release|Any CPU.Build.0 = Release|Any CPU
		{59F236D3-8F65-4CC4-B5FE-36A7FB953223}.Release|x86.ActiveCfg = Release|x86
		{59F236D3-8F65-4CC4-B5FE-36A7FB953223}.Release|x86.Build.0 = Release|x86
	EndGlobalSection
	GlobalSection(SolutionProperties) = preSolution
		HideSolutionNode = FALSE
	EndGlobalSection
EndGlobal
