
Microsoft Visual Studio Solution File, Format Version 12.00
# Visual Studio 14
VisualStudioVersion = 14.0.25420.1
MinimumVisualStudioVersion = 10.0.40219.1
Project("{FAE04EC0-301F-11D3-BF4B-00C04F79EFBC}") = "xjplc", "..\xjplc\xjplc\xjplc.csproj", "{B6157322-BE1B-4A85-83D0-88ADC63E9134}"
EndProject
Project("{FAE04EC0-301F-11D3-BF4B-00C04F79EFBC}") = "evokNewXJ0066", "evokNewXj\evokNewXJ0066.csproj", "{B95FA900-B3B3-4714-8D6C-180FFC74723F}"
EndProject
Project("{FAE04EC0-301F-11D3-BF4B-00C04F79EFBC}") = "evokNewXJ0075", "..\evokXJ0075\evokNewXj\evokNewXJ0075.csproj", "{FD3B1EA1-CED5-4F14-BD73-A4DF67A452BD}"
EndProject
Project("{FAE04EC0-301F-11D3-BF4B-00C04F79EFBC}") = "evokNewXJ0078", "..\evokXJ0078\evokNewXj\evokNewXJ0078.csproj", "{D70A5C38-9007-40A2-AD91-F40354098CD9}"
EndProject
Project("{FAE04EC0-301F-11D3-BF4B-00C04F79EFBC}") = "simiDataOpt", "..\..\..\司米橱柜\simiDataOpt\simiDataOpt.csproj", "{6E7D6E54-DAD5-42B0-9D31-EC94F105BA32}"
EndProject
Project("{FAE04EC0-301F-11D3-BF4B-00C04F79EFBC}") = "evokNewXJ0076", "..\evokXJ0076\evokNewXj\evokNewXJ0076.csproj", "{7A05422F-F23B-40C9-99AE-DF3D20C4BDF6}"
EndProject
Project("{FAE04EC0-301F-11D3-BF4B-00C04F79EFBC}") = "evokNewXJ0077", "..\evokXJ0077\evokNewXj\evokNewXJ0077.csproj", "{898601B0-5D29-4165-BDB5-CC0BA604AFAD}"
EndProject
Project("{FAE04EC0-301F-11D3-BF4B-00C04F79EFBC}") = "imagepb", "..\..\..\..\个人库\关于编程\C#\排版数据图形表示\imagepb\imagepb\imagepb.csproj", "{FF300753-D0CE-45D9-B622-1F13AB41B9F7}"
EndProject
Project("{FAE04EC0-301F-11D3-BF4B-00C04F79EFBC}") = "evokNewXJ0072", "..\evokXJ0072\evokNewXj\evokNewXJ0072.csproj", "{59F236D3-8F65-4CC4-B5FE-36A7FB953223}"
EndProject
Project("{FAE04EC0-301F-11D3-BF4B-00C04F79EFBC}") = "evokNewXJ0074", "..\evokXJ0074\evokNewXj\evokNewXJ0074.csproj", "{7D553F30-CFF6-474E-8D95-BBA5AE95285E}"
EndProject
Project("{FAE04EC0-301F-11D3-BF4B-00C04F79EFBC}") = "evokNewXJ0068", "..\evokXJ0068\evokNewXj\evokNewXJ0068.csproj", "{DD317B9B-C8F0-422A-B2D8-2D02B6CA23D6}"
EndProject
Project("{FAE04EC0-301F-11D3-BF4B-00C04F79EFBC}") = "司米文件导入", "..\..\..\司米橱柜\文件导入测试\司米文件导入\司米文件导入.csproj", "{2B5ECA4C-E53C-458B-9D01-2B0CE680A416}"
EndProject
Project("{FAE04EC0-301F-11D3-BF4B-00C04F79EFBC}") = "evokNewXJ0080", "..\evokXJ0080\evokNewXj\evokNewXJ0080.csproj", "{3AC4A6A6-6A1E-4D9B-9091-F6C311BF7332}"
EndProject
Project("{FAE04EC0-301F-11D3-BF4B-00C04F79EFBC}") = "handGameControl", "..\..\..\..\个人库\关于编程\C#\游戏手柄\handControl\handGameControl.csproj", "{C4D54404-0DFD-489D-899B-A0D96B11582E}"
EndProject
Project("{FAE04EC0-301F-11D3-BF4B-00C04F79EFBC}") = "evokNewXJ0081", "..\evokXJ0081\evokNewXj\evokNewXJ0081.csproj", "{9870914D-6AA1-4364-B1D3-2F839C788A08}"
EndProject
Project("{FAE04EC0-301F-11D3-BF4B-00C04F79EFBC}") = "evokNewDT0051", "..\evokDT0051\evokNewXj\evokNewDT0051.csproj", "{80291D2F-F09B-4456-A68D-E2F6647AEF99}"
EndProject
Project("{FAE04EC0-301F-11D3-BF4B-00C04F79EFBC}") = "evokNewDT0055", "..\evokDT0055\evokNewXj\evokNewDT0055.csproj", "{EE857EFC-7C28-4966-B986-2B2EC23244C0}"
EndProject
Project("{FAE04EC0-301F-11D3-BF4B-00C04F79EFBC}") = "evokNewXJ0082", "..\evokXJ0082\evokNewXj\evokNewXJ0082.csproj", "{3E95E4D2-2410-4947-A9A5-D53926541C41}"
EndProject
Project("{FAE04EC0-301F-11D3-BF4B-00C04F79EFBC}") = "全排列", "..\..\..\..\个人库\关于编程\C#\排列组合\全排列\全排列.csproj", "{79344B42-58E3-4A80-B929-9C4E5346FEE2}"
EndProject
Project("{FAE04EC0-301F-11D3-BF4B-00C04F79EFBC}") = "sqlConnectModule", "..\..\..\..\个人库\关于编程\C#\数据库远程测试\sqlConnectModule\sqlConnectModule.csproj", "{0BDDC440-D0F6-4CA8-8BB2-86DFBF44D975}"
EndProject
Project("{FAE04EC0-301F-11D3-BF4B-00C04F79EFBC}") = "fileconvert", "..\evokFileConvert\fileconvert\fileconvert.csproj", "{3C366160-6D02-406B-9834-03D0294965E9}"
EndProject
Project("{FAE04EC0-301F-11D3-BF4B-00C04F79EFBC}") = "evokNewDT0056", "..\evokDT0056\evokNewXj\evokNewDT0056.csproj", "{5483784A-5DA6-4481-8181-129084EE930A}"
EndProject
Project("{FAE04EC0-301F-11D3-BF4B-00C04F79EFBC}") = "evokNewXJ0083", "..\evokXJ0083\evokNewXj\evokNewXJ0083.csproj", "{7A1BCCFF-6909-4A38-97AA-952DF4EF2939}"
EndProject
Project("{FAE04EC0-301F-11D3-BF4B-00C04F79EFBC}") = "evokNewXJ0084", "..\evokXJ0084\evokNewXj\evokNewXJ0084.csproj", "{B987494E-C5EF-4A07-8326-B1CAAA45FFD9}"
EndProject
Project("{FAE04EC0-301F-11D3-BF4B-00C04F79EFBC}") = "evokNewDT0052", "..\evokDT0052\evokNewXj\evokNewDT0052.csproj", "{E2A59E83-AD51-459E-B7A7-B4F363C62E68}"
EndProject
Project("{FAE04EC0-301F-11D3-BF4B-00C04F79EFBC}") = "evokNewDT0053", "..\evokDT0053\evokNewXj\evokNewDT0053.csproj", "{D1EDFBFB-4FE7-480C-B13D-6F029466D67E}"
EndProject
Project("{FAE04EC0-301F-11D3-BF4B-00C04F79EFBC}") = "evokNewDT0054", "..\evokDT0054\evokNewXj\evokNewDT0054.csproj", "{E94EE99B-9C64-45E4-AEFD-B1A8042947FA}"
EndProject
Project("{FAE04EC0-301F-11D3-BF4B-00C04F79EFBC}") = "evokNewXJ0079", "..\evokXJ0079\evokNewXj\evokNewXJ0079.csproj", "{00996CAA-566F-4D29-9D0F-746F2F79EE77}"
EndProject
Global
	GlobalSection(SolutionConfigurationPlatforms) = preSolution
		Debug|Any CPU = Debug|Any CPU
		Debug|x86 = Debug|x86
		Release|Any CPU = Release|Any CPU
		Release|x86 = Release|x86
	EndGlobalSection
	GlobalSection(ProjectConfigurationPlatforms) = postSolution
		{B6157322-BE1B-4A85-83D0-88ADC63E9134}.Debug|Any CPU.ActiveCfg = Debug|Any CPU
		{B6157322-BE1B-4A85-83D0-88ADC63E9134}.Debug|Any CPU.Build.0 = Debug|Any CPU
		{B6157322-BE1B-4A85-83D0-88ADC63E9134}.Debug|x86.ActiveCfg = Debug|x86
		{B6157322-BE1B-4A85-83D0-88ADC63E9134}.Debug|x86.Build.0 = Debug|x86
		{B6157322-BE1B-4A85-83D0-88ADC63E9134}.Release|Any CPU.ActiveCfg = Release|Any CPU
		{B6157322-BE1B-4A85-83D0-88ADC63E9134}.Release|Any CPU.Build.0 = Release|Any CPU
		{B6157322-BE1B-4A85-83D0-88ADC63E9134}.Release|x86.ActiveCfg = Release|x86
		{B6157322-BE1B-4A85-83D0-88ADC63E9134}.Release|x86.Build.0 = Release|x86
		{B95FA900-B3B3-4714-8D6C-180FFC74723F}.Debug|Any CPU.ActiveCfg = Debug|Any CPU
		{B95FA900-B3B3-4714-8D6C-180FFC74723F}.Debug|Any CPU.Build.0 = Debug|Any CPU
		{B95FA900-B3B3-4714-8D6C-180FFC74723F}.Debug|x86.ActiveCfg = Debug|x86
		{B95FA900-B3B3-4714-8D6C-180FFC74723F}.Debug|x86.Build.0 = Debug|x86
		{B95FA900-B3B3-4714-8D6C-180FFC74723F}.Release|Any CPU.ActiveCfg = Release|Any CPU
		{B95FA900-B3B3-4714-8D6C-180FFC74723F}.Release|Any CPU.Build.0 = Release|Any CPU
		{B95FA900-B3B3-4714-8D6C-180FFC74723F}.Release|x86.ActiveCfg = Release|x86
		{B95FA900-B3B3-4714-8D6C-180FFC74723F}.Release|x86.Build.0 = Release|x86
		{FD3B1EA1-CED5-4F14-BD73-A4DF67A452BD}.Debug|Any CPU.ActiveCfg = Debug|Any CPU
		{FD3B1EA1-CED5-4F14-BD73-A4DF67A452BD}.Debug|Any CPU.Build.0 = Debug|Any CPU
		{FD3B1EA1-CED5-4F14-BD73-A4DF67A452BD}.Debug|x86.ActiveCfg = Debug|x86
		{FD3B1EA1-CED5-4F14-BD73-A4DF67A452BD}.Debug|x86.Build.0 = Debug|x86
		{FD3B1EA1-CED5-4F14-BD73-A4DF67A452BD}.Release|Any CPU.ActiveCfg = Release|Any CPU
		{FD3B1EA1-CED5-4F14-BD73-A4DF67A452BD}.Release|Any CPU.Build.0 = Release|Any CPU
		{FD3B1EA1-CED5-4F14-BD73-A4DF67A452BD}.Release|x86.ActiveCfg = Release|x86
		{FD3B1EA1-CED5-4F14-BD73-A4DF67A452BD}.Release|x86.Build.0 = Release|x86
		{D70A5C38-9007-40A2-AD91-F40354098CD9}.Debug|Any CPU.ActiveCfg = Debug|Any CPU
		{D70A5C38-9007-40A2-AD91-F40354098CD9}.Debug|Any CPU.Build.0 = Debug|Any CPU
		{D70A5C38-9007-40A2-AD91-F40354098CD9}.Debug|x86.ActiveCfg = Debug|x86
		{D70A5C38-9007-40A2-AD91-F40354098CD9}.Debug|x86.Build.0 = Debug|x86
		{D70A5C38-9007-40A2-AD91-F40354098CD9}.Release|Any CPU.ActiveCfg = Release|Any CPU
		{D70A5C38-9007-40A2-AD91-F40354098CD9}.Release|Any CPU.Build.0 = Release|Any CPU
		{D70A5C38-9007-40A2-AD91-F40354098CD9}.Release|x86.ActiveCfg = Release|x86
		{D70A5C38-9007-40A2-AD91-F40354098CD9}.Release|x86.Build.0 = Release|x86
		{6E7D6E54-DAD5-42B0-9D31-EC94F105BA32}.Debug|Any CPU.ActiveCfg = Debug|Any CPU
		{6E7D6E54-DAD5-42B0-9D31-EC94F105BA32}.Debug|Any CPU.Build.0 = Debug|Any CPU
		{6E7D6E54-DAD5-42B0-9D31-EC94F105BA32}.Debug|x86.ActiveCfg = Debug|Any CPU
		{6E7D6E54-DAD5-42B0-9D31-EC94F105BA32}.Debug|x86.Build.0 = Debug|Any CPU
		{6E7D6E54-DAD5-42B0-9D31-EC94F105BA32}.Release|Any CPU.ActiveCfg = Release|Any CPU
		{6E7D6E54-DAD5-42B0-9D31-EC94F105BA32}.Release|Any CPU.Build.0 = Release|Any CPU
		{6E7D6E54-DAD5-42B0-9D31-EC94F105BA32}.Release|x86.ActiveCfg = Release|Any CPU
		{6E7D6E54-DAD5-42B0-9D31-EC94F105BA32}.Release|x86.Build.0 = Release|Any CPU
		{7A05422F-F23B-40C9-99AE-DF3D20C4BDF6}.Debug|Any CPU.ActiveCfg = Debug|Any CPU
		{7A05422F-F23B-40C9-99AE-DF3D20C4BDF6}.Debug|Any CPU.Build.0 = Debug|Any CPU
		{7A05422F-F23B-40C9-99AE-DF3D20C4BDF6}.Debug|x86.ActiveCfg = Debug|x86
		{7A05422F-F23B-40C9-99AE-DF3D20C4BDF6}.Debug|x86.Build.0 = Debug|x86
		{7A05422F-F23B-40C9-99AE-DF3D20C4BDF6}.Release|Any CPU.ActiveCfg = Release|Any CPU
		{7A05422F-F23B-40C9-99AE-DF3D20C4BDF6}.Release|Any CPU.Build.0 = Release|Any CPU
		{7A05422F-F23B-40C9-99AE-DF3D20C4BDF6}.Release|x86.ActiveCfg = Release|x86
		{7A05422F-F23B-40C9-99AE-DF3D20C4BDF6}.Release|x86.Build.0 = Release|x86
		{898601B0-5D29-4165-BDB5-CC0BA604AFAD}.Debug|Any CPU.ActiveCfg = Debug|Any CPU
		{898601B0-5D29-4165-BDB5-CC0BA604AFAD}.Debug|Any CPU.Build.0 = Debug|Any CPU
		{898601B0-5D29-4165-BDB5-CC0BA604AFAD}.Debug|x86.ActiveCfg = Debug|x86
		{898601B0-5D29-4165-BDB5-CC0BA604AFAD}.Debug|x86.Build.0 = Debug|x86
		{898601B0-5D29-4165-BDB5-CC0BA604AFAD}.Release|Any CPU.ActiveCfg = Release|Any CPU
		{898601B0-5D29-4165-BDB5-CC0BA604AFAD}.Release|Any CPU.Build.0 = Release|Any CPU
		{898601B0-5D29-4165-BDB5-CC0BA604AFAD}.Release|x86.ActiveCfg = Release|x86
		{898601B0-5D29-4165-BDB5-CC0BA604AFAD}.Release|x86.Build.0 = Release|x86
		{FF300753-D0CE-45D9-B622-1F13AB41B9F7}.Debug|Any CPU.ActiveCfg = Debug|Any CPU
		{FF300753-D0CE-45D9-B622-1F13AB41B9F7}.Debug|Any CPU.Build.0 = Debug|Any CPU
		{FF300753-D0CE-45D9-B622-1F13AB41B9F7}.Debug|x86.ActiveCfg = Debug|Any CPU
		{FF300753-D0CE-45D9-B622-1F13AB41B9F7}.Debug|x86.Build.0 = Debug|Any CPU
		{FF300753-D0CE-45D9-B622-1F13AB41B9F7}.Release|Any CPU.ActiveCfg = Release|Any CPU
		{FF300753-D0CE-45D9-B622-1F13AB41B9F7}.Release|Any CPU.Build.0 = Release|Any CPU
		{FF300753-D0CE-45D9-B622-1F13AB41B9F7}.Release|x86.ActiveCfg = Release|Any CPU
		{FF300753-D0CE-45D9-B622-1F13AB41B9F7}.Release|x86.Build.0 = Release|Any CPU
		{59F236D3-8F65-4CC4-B5FE-36A7FB953223}.Debug|Any CPU.ActiveCfg = Debug|Any CPU
		{59F236D3-8F65-4CC4-B5FE-36A7FB953223}.Debug|Any CPU.Build.0 = Debug|Any CPU
		{59F236D3-8F65-4CC4-B5FE-36A7FB953223}.Debug|x86.ActiveCfg = Debug|x86
		{59F236D3-8F65-4CC4-B5FE-36A7FB953223}.Debug|x86.Build.0 = Debug|x86
		{59F236D3-8F65-4CC4-B5FE-36A7FB953223}.Release|Any CPU.ActiveCfg = Release|Any CPU
		{59F236D3-8F65-4CC4-B5FE-36A7FB953223}.Release|Any CPU.Build.0 = Release|Any CPU
		{59F236D3-8F65-4CC4-B5FE-36A7FB953223}.Release|x86.ActiveCfg = Release|x86
		{59F236D3-8F65-4CC4-B5FE-36A7FB953223}.Release|x86.Build.0 = Release|x86
		{7D553F30-CFF6-474E-8D95-BBA5AE95285E}.Debug|Any CPU.ActiveCfg = Debug|Any CPU
		{7D553F30-CFF6-474E-8D95-BBA5AE95285E}.Debug|Any CPU.Build.0 = Debug|Any CPU
		{7D553F30-CFF6-474E-8D95-BBA5AE95285E}.Debug|x86.ActiveCfg = Debug|x86
		{7D553F30-CFF6-474E-8D95-BBA5AE95285E}.Debug|x86.Build.0 = Debug|x86
		{7D553F30-CFF6-474E-8D95-BBA5AE95285E}.Release|Any CPU.ActiveCfg = Release|Any CPU
		{7D553F30-CFF6-474E-8D95-BBA5AE95285E}.Release|Any CPU.Build.0 = Release|Any CPU
		{7D553F30-CFF6-474E-8D95-BBA5AE95285E}.Release|x86.ActiveCfg = Release|x86
		{7D553F30-CFF6-474E-8D95-BBA5AE95285E}.Release|x86.Build.0 = Release|x86
		{DD317B9B-C8F0-422A-B2D8-2D02B6CA23D6}.Debug|Any CPU.ActiveCfg = Debug|Any CPU
		{DD317B9B-C8F0-422A-B2D8-2D02B6CA23D6}.Debug|Any CPU.Build.0 = Debug|Any CPU
		{DD317B9B-C8F0-422A-B2D8-2D02B6CA23D6}.Debug|x86.ActiveCfg = Debug|x86
		{DD317B9B-C8F0-422A-B2D8-2D02B6CA23D6}.Debug|x86.Build.0 = Debug|x86
		{DD317B9B-C8F0-422A-B2D8-2D02B6CA23D6}.Release|Any CPU.ActiveCfg = Release|Any CPU
		{DD317B9B-C8F0-422A-B2D8-2D02B6CA23D6}.Release|Any CPU.Build.0 = Release|Any CPU
		{DD317B9B-C8F0-422A-B2D8-2D02B6CA23D6}.Release|x86.ActiveCfg = Release|x86
		{DD317B9B-C8F0-422A-B2D8-2D02B6CA23D6}.Release|x86.Build.0 = Release|x86
		{2B5ECA4C-E53C-458B-9D01-2B0CE680A416}.Debug|Any CPU.ActiveCfg = Debug|Any CPU
		{2B5ECA4C-E53C-458B-9D01-2B0CE680A416}.Debug|Any CPU.Build.0 = Debug|Any CPU
		{2B5ECA4C-E53C-458B-9D01-2B0CE680A416}.Debug|x86.ActiveCfg = Debug|Any CPU
		{2B5ECA4C-E53C-458B-9D01-2B0CE680A416}.Debug|x86.Build.0 = Debug|Any CPU
		{2B5ECA4C-E53C-458B-9D01-2B0CE680A416}.Release|Any CPU.ActiveCfg = Release|Any CPU
		{2B5ECA4C-E53C-458B-9D01-2B0CE680A416}.Release|Any CPU.Build.0 = Release|Any CPU
		{2B5ECA4C-E53C-458B-9D01-2B0CE680A416}.Release|x86.ActiveCfg = Release|Any CPU
		{2B5ECA4C-E53C-458B-9D01-2B0CE680A416}.Release|x86.Build.0 = Release|Any CPU
		{3AC4A6A6-6A1E-4D9B-9091-F6C311BF7332}.Debug|Any CPU.ActiveCfg = Debug|Any CPU
		{3AC4A6A6-6A1E-4D9B-9091-F6C311BF7332}.Debug|Any CPU.Build.0 = Debug|Any CPU
		{3AC4A6A6-6A1E-4D9B-9091-F6C311BF7332}.Debug|x86.ActiveCfg = Debug|x86
		{3AC4A6A6-6A1E-4D9B-9091-F6C311BF7332}.Debug|x86.Build.0 = Debug|x86
		{3AC4A6A6-6A1E-4D9B-9091-F6C311BF7332}.Release|Any CPU.ActiveCfg = Release|Any CPU
		{3AC4A6A6-6A1E-4D9B-9091-F6C311BF7332}.Release|Any CPU.Build.0 = Release|Any CPU
		{3AC4A6A6-6A1E-4D9B-9091-F6C311BF7332}.Release|x86.ActiveCfg = Release|x86
		{3AC4A6A6-6A1E-4D9B-9091-F6C311BF7332}.Release|x86.Build.0 = Release|x86
		{C4D54404-0DFD-489D-899B-A0D96B11582E}.Debug|Any CPU.ActiveCfg = Debug|Any CPU
		{C4D54404-0DFD-489D-899B-A0D96B11582E}.Debug|Any CPU.Build.0 = Debug|Any CPU
		{C4D54404-0DFD-489D-899B-A0D96B11582E}.Debug|x86.ActiveCfg = Debug|Any CPU
		{C4D54404-0DFD-489D-899B-A0D96B11582E}.Debug|x86.Build.0 = Debug|Any CPU
		{C4D54404-0DFD-489D-899B-A0D96B11582E}.Release|Any CPU.ActiveCfg = Release|Any CPU
		{C4D54404-0DFD-489D-899B-A0D96B11582E}.Release|Any CPU.Build.0 = Release|Any CPU
		{C4D54404-0DFD-489D-899B-A0D96B11582E}.Release|x86.ActiveCfg = Release|Any CPU
		{C4D54404-0DFD-489D-899B-A0D96B11582E}.Release|x86.Build.0 = Release|Any CPU
		{9870914D-6AA1-4364-B1D3-2F839C788A08}.Debug|Any CPU.ActiveCfg = Debug|Any CPU
		{9870914D-6AA1-4364-B1D3-2F839C788A08}.Debug|Any CPU.Build.0 = Debug|Any CPU
		{9870914D-6AA1-4364-B1D3-2F839C788A08}.Debug|x86.ActiveCfg = Debug|x86
		{9870914D-6AA1-4364-B1D3-2F839C788A08}.Debug|x86.Build.0 = Debug|x86
		{9870914D-6AA1-4364-B1D3-2F839C788A08}.Release|Any CPU.ActiveCfg = Release|Any CPU
		{9870914D-6AA1-4364-B1D3-2F839C788A08}.Release|Any CPU.Build.0 = Release|Any CPU
		{9870914D-6AA1-4364-B1D3-2F839C788A08}.Release|x86.ActiveCfg = Release|x86
		{9870914D-6AA1-4364-B1D3-2F839C788A08}.Release|x86.Build.0 = Release|x86
		{80291D2F-F09B-4456-A68D-E2F6647AEF99}.Debug|Any CPU.ActiveCfg = Debug|Any CPU
		{80291D2F-F09B-4456-A68D-E2F6647AEF99}.Debug|Any CPU.Build.0 = Debug|Any CPU
		{80291D2F-F09B-4456-A68D-E2F6647AEF99}.Debug|x86.ActiveCfg = Debug|x86
		{80291D2F-F09B-4456-A68D-E2F6647AEF99}.Debug|x86.Build.0 = Debug|x86
		{80291D2F-F09B-4456-A68D-E2F6647AEF99}.Release|Any CPU.ActiveCfg = Release|Any CPU
		{80291D2F-F09B-4456-A68D-E2F6647AEF99}.Release|Any CPU.Build.0 = Release|Any CPU
		{80291D2F-F09B-4456-A68D-E2F6647AEF99}.Release|x86.ActiveCfg = Release|x86
		{80291D2F-F09B-4456-A68D-E2F6647AEF99}.Release|x86.Build.0 = Release|x86
		{EE857EFC-7C28-4966-B986-2B2EC23244C0}.Debug|Any CPU.ActiveCfg = Debug|Any CPU
		{EE857EFC-7C28-4966-B986-2B2EC23244C0}.Debug|Any CPU.Build.0 = Debug|Any CPU
		{EE857EFC-7C28-4966-B986-2B2EC23244C0}.Debug|x86.ActiveCfg = Debug|x86
		{EE857EFC-7C28-4966-B986-2B2EC23244C0}.Debug|x86.Build.0 = Debug|x86
		{EE857EFC-7C28-4966-B986-2B2EC23244C0}.Release|Any CPU.ActiveCfg = Release|Any CPU
		{EE857EFC-7C28-4966-B986-2B2EC23244C0}.Release|Any CPU.Build.0 = Release|Any CPU
		{EE857EFC-7C28-4966-B986-2B2EC23244C0}.Release|x86.ActiveCfg = Release|x86
		{EE857EFC-7C28-4966-B986-2B2EC23244C0}.Release|x86.Build.0 = Release|x86
		{3E95E4D2-2410-4947-A9A5-D53926541C41}.Debug|Any CPU.ActiveCfg = Debug|Any CPU
		{3E95E4D2-2410-4947-A9A5-D53926541C41}.Debug|Any CPU.Build.0 = Debug|Any CPU
		{3E95E4D2-2410-4947-A9A5-D53926541C41}.Debug|x86.ActiveCfg = Debug|x86
		{3E95E4D2-2410-4947-A9A5-D53926541C41}.Debug|x86.Build.0 = Debug|x86
		{3E95E4D2-2410-4947-A9A5-D53926541C41}.Release|Any CPU.ActiveCfg = Release|Any CPU
		{3E95E4D2-2410-4947-A9A5-D53926541C41}.Release|Any CPU.Build.0 = Release|Any CPU
		{3E95E4D2-2410-4947-A9A5-D53926541C41}.Release|x86.ActiveCfg = Release|x86
		{3E95E4D2-2410-4947-A9A5-D53926541C41}.Release|x86.Build.0 = Release|x86
		{79344B42-58E3-4A80-B929-9C4E5346FEE2}.Debug|Any CPU.ActiveCfg = Debug|Any CPU
		{79344B42-58E3-4A80-B929-9C4E5346FEE2}.Debug|Any CPU.Build.0 = Debug|Any CPU
		{79344B42-58E3-4A80-B929-9C4E5346FEE2}.Debug|x86.ActiveCfg = Debug|Any CPU
		{79344B42-58E3-4A80-B929-9C4E5346FEE2}.Debug|x86.Build.0 = Debug|Any CPU
		{79344B42-58E3-4A80-B929-9C4E5346FEE2}.Release|Any CPU.ActiveCfg = Release|Any CPU
		{79344B42-58E3-4A80-B929-9C4E5346FEE2}.Release|Any CPU.Build.0 = Release|Any CPU
		{79344B42-58E3-4A80-B929-9C4E5346FEE2}.Release|x86.ActiveCfg = Release|Any CPU
		{79344B42-58E3-4A80-B929-9C4E5346FEE2}.Release|x86.Build.0 = Release|Any CPU
		{0BDDC440-D0F6-4CA8-8BB2-86DFBF44D975}.Debug|Any CPU.ActiveCfg = Debug|Any CPU
		{0BDDC440-D0F6-4CA8-8BB2-86DFBF44D975}.Debug|Any CPU.Build.0 = Debug|Any CPU
		{0BDDC440-D0F6-4CA8-8BB2-86DFBF44D975}.Debug|x86.ActiveCfg = Debug|Any CPU
		{0BDDC440-D0F6-4CA8-8BB2-86DFBF44D975}.Debug|x86.Build.0 = Debug|Any CPU
		{0BDDC440-D0F6-4CA8-8BB2-86DFBF44D975}.Release|Any CPU.ActiveCfg = Release|Any CPU
		{0BDDC440-D0F6-4CA8-8BB2-86DFBF44D975}.Release|Any CPU.Build.0 = Release|Any CPU
		{0BDDC440-D0F6-4CA8-8BB2-86DFBF44D975}.Release|x86.ActiveCfg = Release|Any CPU
		{0BDDC440-D0F6-4CA8-8BB2-86DFBF44D975}.Release|x86.Build.0 = Release|Any CPU
		{3C366160-6D02-406B-9834-03D0294965E9}.Debug|Any CPU.ActiveCfg = Debug|Any CPU
		{3C366160-6D02-406B-9834-03D0294965E9}.Debug|Any CPU.Build.0 = Debug|Any CPU
		{3C366160-6D02-406B-9834-03D0294965E9}.Debug|x86.ActiveCfg = Debug|Any CPU
		{3C366160-6D02-406B-9834-03D0294965E9}.Debug|x86.Build.0 = Debug|Any CPU
		{3C366160-6D02-406B-9834-03D0294965E9}.Release|Any CPU.ActiveCfg = Release|Any CPU
		{3C366160-6D02-406B-9834-03D0294965E9}.Release|Any CPU.Build.0 = Release|Any CPU
		{3C366160-6D02-406B-9834-03D0294965E9}.Release|x86.ActiveCfg = Release|Any CPU
		{3C366160-6D02-406B-9834-03D0294965E9}.Release|x86.Build.0 = Release|Any CPU
		{5483784A-5DA6-4481-8181-129084EE930A}.Debug|Any CPU.ActiveCfg = Debug|Any CPU
		{5483784A-5DA6-4481-8181-129084EE930A}.Debug|Any CPU.Build.0 = Debug|Any CPU
		{5483784A-5DA6-4481-8181-129084EE930A}.Debug|x86.ActiveCfg = Debug|x86
		{5483784A-5DA6-4481-8181-129084EE930A}.Debug|x86.Build.0 = Debug|x86
		{5483784A-5DA6-4481-8181-129084EE930A}.Release|Any CPU.ActiveCfg = Release|Any CPU
		{5483784A-5DA6-4481-8181-129084EE930A}.Release|Any CPU.Build.0 = Release|Any CPU
		{5483784A-5DA6-4481-8181-129084EE930A}.Release|x86.ActiveCfg = Release|x86
		{5483784A-5DA6-4481-8181-129084EE930A}.Release|x86.Build.0 = Release|x86
		{7A1BCCFF-6909-4A38-97AA-952DF4EF2939}.Debug|Any CPU.ActiveCfg = Debug|Any CPU
		{7A1BCCFF-6909-4A38-97AA-952DF4EF2939}.Debug|Any CPU.Build.0 = Debug|Any CPU
		{7A1BCCFF-6909-4A38-97AA-952DF4EF2939}.Debug|x86.ActiveCfg = Debug|x86
		{7A1BCCFF-6909-4A38-97AA-952DF4EF2939}.Debug|x86.Build.0 = Debug|x86
		{7A1BCCFF-6909-4A38-97AA-952DF4EF2939}.Release|Any CPU.ActiveCfg = Release|Any CPU
		{7A1BCCFF-6909-4A38-97AA-952DF4EF2939}.Release|Any CPU.Build.0 = Release|Any CPU
		{7A1BCCFF-6909-4A38-97AA-952DF4EF2939}.Release|x86.ActiveCfg = Release|x86
		{7A1BCCFF-6909-4A38-97AA-952DF4EF2939}.Release|x86.Build.0 = Release|x86
		{B987494E-C5EF-4A07-8326-B1CAAA45FFD9}.Debug|Any CPU.ActiveCfg = Debug|Any CPU
		{B987494E-C5EF-4A07-8326-B1CAAA45FFD9}.Debug|Any CPU.Build.0 = Debug|Any CPU
		{B987494E-C5EF-4A07-8326-B1CAAA45FFD9}.Debug|x86.ActiveCfg = Debug|x86
		{B987494E-C5EF-4A07-8326-B1CAAA45FFD9}.Debug|x86.Build.0 = Debug|x86
		{B987494E-C5EF-4A07-8326-B1CAAA45FFD9}.Release|Any CPU.ActiveCfg = Release|Any CPU
		{B987494E-C5EF-4A07-8326-B1CAAA45FFD9}.Release|Any CPU.Build.0 = Release|Any CPU
		{B987494E-C5EF-4A07-8326-B1CAAA45FFD9}.Release|x86.ActiveCfg = Release|x86
		{B987494E-C5EF-4A07-8326-B1CAAA45FFD9}.Release|x86.Build.0 = Release|x86
		{E2A59E83-AD51-459E-B7A7-B4F363C62E68}.Debug|Any CPU.ActiveCfg = Debug|Any CPU
		{E2A59E83-AD51-459E-B7A7-B4F363C62E68}.Debug|Any CPU.Build.0 = Debug|Any CPU
		{E2A59E83-AD51-459E-B7A7-B4F363C62E68}.Debug|x86.ActiveCfg = Debug|x86
		{E2A59E83-AD51-459E-B7A7-B4F363C62E68}.Debug|x86.Build.0 = Debug|x86
		{E2A59E83-AD51-459E-B7A7-B4F363C62E68}.Release|Any CPU.ActiveCfg = Release|Any CPU
		{E2A59E83-AD51-459E-B7A7-B4F363C62E68}.Release|Any CPU.Build.0 = Release|Any CPU
		{E2A59E83-AD51-459E-B7A7-B4F363C62E68}.Release|x86.ActiveCfg = Release|x86
		{E2A59E83-AD51-459E-B7A7-B4F363C62E68}.Release|x86.Build.0 = Release|x86
		{D1EDFBFB-4FE7-480C-B13D-6F029466D67E}.Debug|Any CPU.ActiveCfg = Debug|Any CPU
		{D1EDFBFB-4FE7-480C-B13D-6F029466D67E}.Debug|Any CPU.Build.0 = Debug|Any CPU
		{D1EDFBFB-4FE7-480C-B13D-6F029466D67E}.Debug|x86.ActiveCfg = Debug|x86
		{D1EDFBFB-4FE7-480C-B13D-6F029466D67E}.Debug|x86.Build.0 = Debug|x86
		{D1EDFBFB-4FE7-480C-B13D-6F029466D67E}.Release|Any CPU.ActiveCfg = Release|Any CPU
		{D1EDFBFB-4FE7-480C-B13D-6F029466D67E}.Release|Any CPU.Build.0 = Release|Any CPU
		{D1EDFBFB-4FE7-480C-B13D-6F029466D67E}.Release|x86.ActiveCfg = Release|x86
		{D1EDFBFB-4FE7-480C-B13D-6F029466D67E}.Release|x86.Build.0 = Release|x86
		{E94EE99B-9C64-45E4-AEFD-B1A8042947FA}.Debug|Any CPU.ActiveCfg = Debug|Any CPU
		{E94EE99B-9C64-45E4-AEFD-B1A8042947FA}.Debug|Any CPU.Build.0 = Debug|Any CPU
		{E94EE99B-9C64-45E4-AEFD-B1A8042947FA}.Debug|x86.ActiveCfg = Debug|x86
		{E94EE99B-9C64-45E4-AEFD-B1A8042947FA}.Debug|x86.Build.0 = Debug|x86
		{E94EE99B-9C64-45E4-AEFD-B1A8042947FA}.Release|Any CPU.ActiveCfg = Release|Any CPU
		{E94EE99B-9C64-45E4-AEFD-B1A8042947FA}.Release|Any CPU.Build.0 = Release|Any CPU
		{E94EE99B-9C64-45E4-AEFD-B1A8042947FA}.Release|x86.ActiveCfg = Release|x86
		{E94EE99B-9C64-45E4-AEFD-B1A8042947FA}.Release|x86.Build.0 = Release|x86
		{00996CAA-566F-4D29-9D0F-746F2F79EE77}.Debug|Any CPU.ActiveCfg = Debug|Any CPU
		{00996CAA-566F-4D29-9D0F-746F2F79EE77}.Debug|Any CPU.Build.0 = Debug|Any CPU
		{00996CAA-566F-4D29-9D0F-746F2F79EE77}.Debug|x86.ActiveCfg = Debug|x86
		{00996CAA-566F-4D29-9D0F-746F2F79EE77}.Debug|x86.Build.0 = Debug|x86
		{00996CAA-566F-4D29-9D0F-746F2F79EE77}.Release|Any CPU.ActiveCfg = Release|Any CPU
		{00996CAA-566F-4D29-9D0F-746F2F79EE77}.Release|Any CPU.Build.0 = Release|Any CPU
		{00996CAA-566F-4D29-9D0F-746F2F79EE77}.Release|x86.ActiveCfg = Release|x86
		{00996CAA-566F-4D29-9D0F-746F2F79EE77}.Release|x86.Build.0 = Release|x86
	EndGlobalSection
	GlobalSection(SolutionProperties) = preSolution
		HideSolutionNode = FALSE
	EndGlobalSection
EndGlobal
