
Microsoft Visual Studio Solution File, Format Version 12.00
# Visual Studio 14
VisualStudioVersion = 14.0.25420.1
MinimumVisualStudioVersion = 10.0.40219.1
Project("{FAE04EC0-301F-11D3-BF4B-00C04F79EFBC}") = "fourSideSaw", "fourSideSaw\fourSideSaw.csproj", "{10B0CA04-C759-4237-90ED-298D6724C224}"
EndProject
Project("{FAE04EC0-301F-11D3-BF4B-00C04F79EFBC}") = "xjplc", "..\..\xjplc\xjplc\xjplc.csproj", "{B6157322-BE1B-4A85-83D0-88ADC63E9134}"
EndProject
Global
	GlobalSection(SolutionConfigurationPlatforms) = preSolution
		Debug|Any CPU = Debug|Any CPU
		Debug|x86 = Debug|x86
		Release|Any CPU = Release|Any CPU
		Release|x86 = Release|x86
	EndGlobalSection
	GlobalSection(ProjectConfigurationPlatforms) = postSolution
		{10B0CA04-C759-4237-90ED-298D6724C224}.Debug|Any CPU.ActiveCfg = Debug|Any CPU
		{10B0CA04-C759-4237-90ED-298D6724C224}.Debug|Any CPU.Build.0 = Debug|Any CPU
		{10B0CA04-C759-4237-90ED-298D6724C224}.Debug|x86.ActiveCfg = Debug|Any CPU
		{10B0CA04-C759-4237-90ED-298D6724C224}.Debug|x86.Build.0 = Debug|Any CPU
		{10B0CA04-C759-4237-90ED-298D6724C224}.Release|Any CPU.ActiveCfg = Release|Any CPU
		{10B0CA04-C759-4237-90ED-298D6724C224}.Release|Any CPU.Build.0 = Release|Any CPU
		{10B0CA04-C759-4237-90ED-298D6724C224}.Release|x86.ActiveCfg = Release|Any CPU
		{10B0CA04-C759-4237-90ED-298D6724C224}.Release|x86.Build.0 = Release|Any CPU
		{B6157322-BE1B-4A85-83D0-88ADC63E9134}.Debug|Any CPU.ActiveCfg = Debug|Any CPU
		{B6157322-BE1B-4A85-83D0-88ADC63E9134}.Debug|Any CPU.Build.0 = Debug|Any CPU
		{B6157322-BE1B-4A85-83D0-88ADC63E9134}.Debug|x86.ActiveCfg = Debug|x86
		{B6157322-BE1B-4A85-83D0-88ADC63E9134}.Debug|x86.Build.0 = Debug|x86
		{B6157322-BE1B-4A85-83D0-88ADC63E9134}.Release|Any CPU.ActiveCfg = Release|Any CPU
		{B6157322-BE1B-4A85-83D0-88ADC63E9134}.Release|Any CPU.Build.0 = Release|Any CPU
		{B6157322-BE1B-4A85-83D0-88ADC63E9134}.Release|x86.ActiveCfg = Release|x86
		{B6157322-BE1B-4A85-83D0-88ADC63E9134}.Release|x86.Build.0 = Release|x86
	EndGlobalSection
	GlobalSection(SolutionProperties) = preSolution
		HideSolutionNode = FALSE
	EndGlobalSection
EndGlobal
