
Microsoft Visual Studio Solution File, Format Version 12.00
# Visual Studio 14
VisualStudioVersion = 14.0.25420.1
MinimumVisualStudioVersion = 10.0.40219.1
Project("{FAE04EC0-301F-11D3-BF4B-00C04F79EFBC}") = "xjplc", "..\xjplc\xjplc\xjplc.csproj", "{B6157322-BE1B-4A85-83D0-88ADC63E9134}"
EndProject
Project("{FAE04EC0-301F-11D3-BF4B-00C04F79EFBC}") = "evokNewXJ0066", "evokNewXj\evokNewXJ0066.csproj", "{B95FA900-B3B3-4714-8D6C-180FFC74723F}"
EndProject
Project("{FAE04EC0-301F-11D3-BF4B-00C04F79EFBC}") = "fileconvert", "..\evokFileConvert\fileconvert\fileconvert.csproj", "{3C366160-6D02-406B-9834-03D0294965E9}"
EndProject
Project("{FAE04EC0-301F-11D3-BF4B-00C04F79EFBC}") = "evokNewXJ0074", "..\evokXJ0074\evokNewXj\evokNewXJ0074.csproj", "{7D553F30-CFF6-474E-8D95-BBA5AE95285E}"
EndProject
Global
	GlobalSection(SolutionConfigurationPlatforms) = preSolution
		Debug|Any CPU = Debug|Any CPU
		Debug|x86 = Debug|x86
		Release|Any CPU = Release|Any CPU
		Release|x86 = Release|x86
	EndGlobalSection
	GlobalSection(ProjectConfigurationPlatforms) = postSolution
		{B6157322-BE1B-4A85-83D0-88ADC63E9134}.Debug|Any CPU.ActiveCfg = Debug|Any CPU
		{B6157322-BE1B-4A85-83D0-88ADC63E9134}.Debug|Any CPU.Build.0 = Debug|Any CPU
		{B6157322-BE1B-4A85-83D0-88ADC63E9134}.Debug|x86.ActiveCfg = Debug|x86
		{B6157322-BE1B-4A85-83D0-88ADC63E9134}.Debug|x86.Build.0 = Debug|x86
		{B6157322-BE1B-4A85-83D0-88ADC63E9134}.Release|Any CPU.ActiveCfg = Release|Any CPU
		{B6157322-BE1B-4A85-83D0-88ADC63E9134}.Release|Any CPU.Build.0 = Release|Any CPU
		{B6157322-BE1B-4A85-83D0-88ADC63E9134}.Release|x86.ActiveCfg = Release|x86
		{B6157322-BE1B-4A85-83D0-88ADC63E9134}.Release|x86.Build.0 = Release|x86
		{B95FA900-B3B3-4714-8D6C-180FFC74723F}.Debug|Any CPU.ActiveCfg = Debug|Any CPU
		{B95FA900-B3B3-4714-8D6C-180FFC74723F}.Debug|Any CPU.Build.0 = Debug|Any CPU
		{B95FA900-B3B3-4714-8D6C-180FFC74723F}.Debug|x86.ActiveCfg = Debug|x86
		{B95FA900-B3B3-4714-8D6C-180FFC74723F}.Debug|x86.Build.0 = Debug|x86
		{B95FA900-B3B3-4714-8D6C-180FFC74723F}.Release|Any CPU.ActiveCfg = Release|Any CPU
		{B95FA900-B3B3-4714-8D6C-180FFC74723F}.Release|Any CPU.Build.0 = Release|Any CPU
		{B95FA900-B3B3-4714-8D6C-180FFC74723F}.Release|x86.ActiveCfg = Release|x86
		{B95FA900-B3B3-4714-8D6C-180FFC74723F}.Release|x86.Build.0 = Release|x86
		{3C366160-6D02-406B-9834-03D0294965E9}.Debug|Any CPU.ActiveCfg = Debug|Any CPU
		{3C366160-6D02-406B-9834-03D0294965E9}.Debug|Any CPU.Build.0 = Debug|Any CPU
		{3C366160-6D02-406B-9834-03D0294965E9}.Debug|x86.ActiveCfg = Debug|Any CPU
		{3C366160-6D02-406B-9834-03D0294965E9}.Debug|x86.Build.0 = Debug|Any CPU
		{3C366160-6D02-406B-9834-03D0294965E9}.Release|Any CPU.ActiveCfg = Release|Any CPU
		{3C366160-6D02-406B-9834-03D0294965E9}.Release|Any CPU.Build.0 = Release|Any CPU
		{3C366160-6D02-406B-9834-03D0294965E9}.Release|x86.ActiveCfg = Release|Any CPU
		{3C366160-6D02-406B-9834-03D0294965E9}.Release|x86.Build.0 = Release|Any CPU
		{7D553F30-CFF6-474E-8D95-BBA5AE95285E}.Debug|Any CPU.ActiveCfg = Debug|Any CPU
		{7D553F30-CFF6-474E-8D95-BBA5AE95285E}.Debug|Any CPU.Build.0 = Debug|Any CPU
		{7D553F30-CFF6-474E-8D95-BBA5AE95285E}.Debug|x86.ActiveCfg = Debug|x86
		{7D553F30-CFF6-474E-8D95-BBA5AE95285E}.Debug|x86.Build.0 = Debug|x86
		{7D553F30-CFF6-474E-8D95-BBA5AE95285E}.Release|Any CPU.ActiveCfg = Release|Any CPU
		{7D553F30-CFF6-474E-8D95-BBA5AE95285E}.Release|Any CPU.Build.0 = Release|Any CPU
		{7D553F30-CFF6-474E-8D95-BBA5AE95285E}.Release|x86.ActiveCfg = Release|x86
		{7D553F30-CFF6-474E-8D95-BBA5AE95285E}.Release|x86.Build.0 = Release|x86
	EndGlobalSection
	GlobalSection(SolutionProperties) = preSolution
		HideSolutionNode = FALSE
	EndGlobalSection
EndGlobal
